
Microsoft Visual Studio Solution File, Format Version 12.00
# Visual Studio Version 16
VisualStudioVersion = 16.0.28922.388
MinimumVisualStudioVersion = 10.0.40219.1
Project("{FAE04EC0-301F-11D3-BF4B-00C04F79EFBC}") = "wf_AI_lab2", "wf_AI_lab2.csproj", "{41E22E0A-3673-44F6-8E29-391E50953281}"
EndProject
Global
	GlobalSection(SolutionConfigurationPlatforms) = preSolution
		Debug|Any CPU = Debug|Any CPU
		Release|Any CPU = Release|Any CPU
	EndGlobalSection
	GlobalSection(ProjectConfigurationPlatforms) = postSolution
		{41E22E0A-3673-44F6-8E29-391E50953281}.Debug|Any CPU.ActiveCfg = Debug|Any CPU
		{41E22E0A-3673-44F6-8E29-391E50953281}.Debug|Any CPU.Build.0 = Debug|Any CPU
		{41E22E0A-3673-44F6-8E29-391E50953281}.Release|Any CPU.ActiveCfg = Release|Any CPU
		{41E22E0A-3673-44F6-8E29-391E50953281}.Release|Any CPU.Build.0 = Release|Any CPU
	EndGlobalSection
	GlobalSection(SolutionProperties) = preSolution
		HideSolutionNode = FALSE
	EndGlobalSection
	GlobalSection(ExtensibilityGlobals) = postSolution
		SolutionGuid = {854CCEBC-6E36-4C73-9173-90A90C9C6B27}
	EndGlobalSection
EndGlobal
